// !$*UTF8*$!
{
	archiveVersion = 1;
	classes = {
	};
	objectVersion = 56;
	objects = {

/* Begin PBXBuildFile section */
		06080CB4C4D3894F29342D6C /* Pods_Shopping_AppTests.framework in Frameworks */ = {isa = PBXBuildFile; fileRef = B671D513CA5734F4CC68B5C9 /* Pods_Shopping_AppTests.framework */; };
		DE55345380558A5B08213668 /* Pods_Shopping_App.framework in Frameworks */ = {isa = PBXBuildFile; fileRef = 54BFF85FC1E7AD838D2A4662 /* Pods_Shopping_App.framework */; };
		E61B5493EB80F293D528EE4E /* Pods_Shopping_App_Shopping_AppUITests.framework in Frameworks */ = {isa = PBXBuildFile; fileRef = B557BEE7602595A020CF3330 /* Pods_Shopping_App_Shopping_AppUITests.framework */; };
		F092B34C290A40E4006E462E /* AppDelegate.swift in Sources */ = {isa = PBXBuildFile; fileRef = F092B34B290A40E4006E462E /* AppDelegate.swift */; };
		F092B350290A40E4006E462E /* ViewController.swift in Sources */ = {isa = PBXBuildFile; fileRef = F092B34F290A40E4006E462E /* ViewController.swift */; };
		F092B353290A40E4006E462E /* Main.storyboard in Resources */ = {isa = PBXBuildFile; fileRef = F092B351290A40E4006E462E /* Main.storyboard */; };
		F092B355290A40E5006E462E /* Assets.xcassets in Resources */ = {isa = PBXBuildFile; fileRef = F092B354290A40E5006E462E /* Assets.xcassets */; };
		F092B358290A40E5006E462E /* LaunchScreen.storyboard in Resources */ = {isa = PBXBuildFile; fileRef = F092B356290A40E5006E462E /* LaunchScreen.storyboard */; };
		F092B363290A40E5006E462E /* Shopping_AppTests.swift in Sources */ = {isa = PBXBuildFile; fileRef = F092B362290A40E5006E462E /* Shopping_AppTests.swift */; };
		F092B36D290A40E5006E462E /* Shopping_AppUITests.swift in Sources */ = {isa = PBXBuildFile; fileRef = F092B36C290A40E5006E462E /* Shopping_AppUITests.swift */; };
		F092B36F290A40E5006E462E /* Shopping_AppUITestsLaunchTests.swift in Sources */ = {isa = PBXBuildFile; fileRef = F092B36E290A40E5006E462E /* Shopping_AppUITestsLaunchTests.swift */; };
		F092B383290A8F12006E462E /* OnboardingViewController.swift in Sources */ = {isa = PBXBuildFile; fileRef = F092B381290A8F12006E462E /* OnboardingViewController.swift */; };
		F092B384290A8F12006E462E /* OnboardingViewController.xib in Resources */ = {isa = PBXBuildFile; fileRef = F092B382290A8F12006E462E /* OnboardingViewController.xib */; };
		F092B387290A93A5006E462E /* OnboardingView.swift in Sources */ = {isa = PBXBuildFile; fileRef = F092B386290A93A5006E462E /* OnboardingView.swift */; };
		F092B38D290A9BAF006E462E /* OnboardingView.xib in Resources */ = {isa = PBXBuildFile; fileRef = F092B38C290A9BAF006E462E /* OnboardingView.xib */; };
		F092B391290FE38C006E462E /* GoogleService-Info.plist in Resources */ = {isa = PBXBuildFile; fileRef = F092B390290FE38C006E462E /* GoogleService-Info.plist */; };
		F092B3A3290FE894006E462E /* FirebaseAuth in Frameworks */ = {isa = PBXBuildFile; productRef = F092B3A2290FE894006E462E /* FirebaseAuth */; };
		F092B3A5290FE894006E462E /* FirebaseFirestoreSwift in Frameworks */ = {isa = PBXBuildFile; productRef = F092B3A4290FE894006E462E /* FirebaseFirestoreSwift */; };
		F092B3A7290FE894006E462E /* FirebaseRemoteConfigSwift in Frameworks */ = {isa = PBXBuildFile; productRef = F092B3A6290FE894006E462E /* FirebaseRemoteConfigSwift */; };
		F092B3A9290FE894006E462E /* FirebaseStorage in Frameworks */ = {isa = PBXBuildFile; productRef = F092B3A8290FE894006E462E /* FirebaseStorage */; };
/* End PBXBuildFile section */

/* Begin PBXContainerItemProxy section */
		F092B35F290A40E5006E462E /* PBXContainerItemProxy */ = {
			isa = PBXContainerItemProxy;
			containerPortal = F092B340290A40E4006E462E /* Project object */;
			proxyType = 1;
			remoteGlobalIDString = F092B347290A40E4006E462E;
			remoteInfo = "Shopping App";
		};
		F092B369290A40E5006E462E /* PBXContainerItemProxy */ = {
			isa = PBXContainerItemProxy;
			containerPortal = F092B340290A40E4006E462E /* Project object */;
			proxyType = 1;
			remoteGlobalIDString = F092B347290A40E4006E462E;
			remoteInfo = "Shopping App";
		};
/* End PBXContainerItemProxy section */

/* Begin PBXFileReference section */
		07FA6DD4129381B5DD78A9C2 /* Pods-Shopping App-Shopping AppUITests.debug.xcconfig */ = {isa = PBXFileReference; includeInIndex = 1; lastKnownFileType = text.xcconfig; name = "Pods-Shopping App-Shopping AppUITests.debug.xcconfig"; path = "Target Support Files/Pods-Shopping App-Shopping AppUITests/Pods-Shopping App-Shopping AppUITests.debug.xcconfig"; sourceTree = "<group>"; };
		12A85E80B94BB2B8D2B55B6F /* Pods-Shopping AppTests.release.xcconfig */ = {isa = PBXFileReference; includeInIndex = 1; lastKnownFileType = text.xcconfig; name = "Pods-Shopping AppTests.release.xcconfig"; path = "Target Support Files/Pods-Shopping AppTests/Pods-Shopping AppTests.release.xcconfig"; sourceTree = "<group>"; };
		2822F36CEED004F9AB8D191D /* Pods-Shopping App.release.xcconfig */ = {isa = PBXFileReference; includeInIndex = 1; lastKnownFileType = text.xcconfig; name = "Pods-Shopping App.release.xcconfig"; path = "Target Support Files/Pods-Shopping App/Pods-Shopping App.release.xcconfig"; sourceTree = "<group>"; };
		54BFF85FC1E7AD838D2A4662 /* Pods_Shopping_App.framework */ = {isa = PBXFileReference; explicitFileType = wrapper.framework; includeInIndex = 0; path = Pods_Shopping_App.framework; sourceTree = BUILT_PRODUCTS_DIR; };
		76B89E6E35BFD42886FFA412 /* Pods-Shopping AppTests.debug.xcconfig */ = {isa = PBXFileReference; includeInIndex = 1; lastKnownFileType = text.xcconfig; name = "Pods-Shopping AppTests.debug.xcconfig"; path = "Target Support Files/Pods-Shopping AppTests/Pods-Shopping AppTests.debug.xcconfig"; sourceTree = "<group>"; };
		8219F5F134E791DE08BA8E37 /* Pods-Shopping App.debug.xcconfig */ = {isa = PBXFileReference; includeInIndex = 1; lastKnownFileType = text.xcconfig; name = "Pods-Shopping App.debug.xcconfig"; path = "Target Support Files/Pods-Shopping App/Pods-Shopping App.debug.xcconfig"; sourceTree = "<group>"; };
		B557BEE7602595A020CF3330 /* Pods_Shopping_App_Shopping_AppUITests.framework */ = {isa = PBXFileReference; explicitFileType = wrapper.framework; includeInIndex = 0; path = Pods_Shopping_App_Shopping_AppUITests.framework; sourceTree = BUILT_PRODUCTS_DIR; };
		B671D513CA5734F4CC68B5C9 /* Pods_Shopping_AppTests.framework */ = {isa = PBXFileReference; explicitFileType = wrapper.framework; includeInIndex = 0; path = Pods_Shopping_AppTests.framework; sourceTree = BUILT_PRODUCTS_DIR; };
		F092B348290A40E4006E462E /* Shopping App.app */ = {isa = PBXFileReference; explicitFileType = wrapper.application; includeInIndex = 0; path = "Shopping App.app"; sourceTree = BUILT_PRODUCTS_DIR; };
		F092B34B290A40E4006E462E /* AppDelegate.swift */ = {isa = PBXFileReference; lastKnownFileType = sourcecode.swift; path = AppDelegate.swift; sourceTree = "<group>"; };
		F092B34F290A40E4006E462E /* ViewController.swift */ = {isa = PBXFileReference; lastKnownFileType = sourcecode.swift; path = ViewController.swift; sourceTree = "<group>"; };
		F092B352290A40E4006E462E /* Base */ = {isa = PBXFileReference; lastKnownFileType = file.storyboard; name = Base; path = Base.lproj/Main.storyboard; sourceTree = "<group>"; };
		F092B354290A40E5006E462E /* Assets.xcassets */ = {isa = PBXFileReference; lastKnownFileType = folder.assetcatalog; path = Assets.xcassets; sourceTree = "<group>"; };
		F092B357290A40E5006E462E /* Base */ = {isa = PBXFileReference; lastKnownFileType = file.storyboard; name = Base; path = Base.lproj/LaunchScreen.storyboard; sourceTree = "<group>"; };
		F092B359290A40E5006E462E /* Info.plist */ = {isa = PBXFileReference; lastKnownFileType = text.plist.xml; path = Info.plist; sourceTree = "<group>"; };
		F092B35E290A40E5006E462E /* Shopping AppTests.xctest */ = {isa = PBXFileReference; explicitFileType = wrapper.cfbundle; includeInIndex = 0; path = "Shopping AppTests.xctest"; sourceTree = BUILT_PRODUCTS_DIR; };
		F092B362290A40E5006E462E /* Shopping_AppTests.swift */ = {isa = PBXFileReference; lastKnownFileType = sourcecode.swift; path = Shopping_AppTests.swift; sourceTree = "<group>"; };
		F092B368290A40E5006E462E /* Shopping AppUITests.xctest */ = {isa = PBXFileReference; explicitFileType = wrapper.cfbundle; includeInIndex = 0; path = "Shopping AppUITests.xctest"; sourceTree = BUILT_PRODUCTS_DIR; };
		F092B36C290A40E5006E462E /* Shopping_AppUITests.swift */ = {isa = PBXFileReference; lastKnownFileType = sourcecode.swift; path = Shopping_AppUITests.swift; sourceTree = "<group>"; };
		F092B36E290A40E5006E462E /* Shopping_AppUITestsLaunchTests.swift */ = {isa = PBXFileReference; lastKnownFileType = sourcecode.swift; path = Shopping_AppUITestsLaunchTests.swift; sourceTree = "<group>"; };
		F092B381290A8F12006E462E /* OnboardingViewController.swift */ = {isa = PBXFileReference; lastKnownFileType = sourcecode.swift; path = OnboardingViewController.swift; sourceTree = "<group>"; };
		F092B382290A8F12006E462E /* OnboardingViewController.xib */ = {isa = PBXFileReference; lastKnownFileType = file.xib; path = OnboardingViewController.xib; sourceTree = "<group>"; };
		F092B386290A93A5006E462E /* OnboardingView.swift */ = {isa = PBXFileReference; lastKnownFileType = sourcecode.swift; path = OnboardingView.swift; sourceTree = "<group>"; };
		F092B38C290A9BAF006E462E /* OnboardingView.xib */ = {isa = PBXFileReference; lastKnownFileType = file.xib; path = OnboardingView.xib; sourceTree = "<group>"; };
		F092B390290FE38C006E462E /* GoogleService-Info.plist */ = {isa = PBXFileReference; fileEncoding = 4; lastKnownFileType = text.plist.xml; path = "GoogleService-Info.plist"; sourceTree = "<group>"; };
		F8A12418828141ECBDB587AF /* Pods-Shopping App-Shopping AppUITests.release.xcconfig */ = {isa = PBXFileReference; includeInIndex = 1; lastKnownFileType = text.xcconfig; name = "Pods-Shopping App-Shopping AppUITests.release.xcconfig"; path = "Target Support Files/Pods-Shopping App-Shopping AppUITests/Pods-Shopping App-Shopping AppUITests.release.xcconfig"; sourceTree = "<group>"; };
/* End PBXFileReference section */

/* Begin PBXFrameworksBuildPhase section */
		F092B345290A40E4006E462E /* Frameworks */ = {
			isa = PBXFrameworksBuildPhase;
			buildActionMask = 2147483647;
			files = (
				DE55345380558A5B08213668 /* Pods_Shopping_App.framework in Frameworks */,
				F092B3A7290FE894006E462E /* FirebaseRemoteConfigSwift in Frameworks */,
				F092B3A3290FE894006E462E /* FirebaseAuth in Frameworks */,
				F092B3A9290FE894006E462E /* FirebaseStorage in Frameworks */,
				F092B3A5290FE894006E462E /* FirebaseFirestoreSwift in Frameworks */,
			);
			runOnlyForDeploymentPostprocessing = 0;
		};
		F092B35B290A40E5006E462E /* Frameworks */ = {
			isa = PBXFrameworksBuildPhase;
			buildActionMask = 2147483647;
			files = (
				06080CB4C4D3894F29342D6C /* Pods_Shopping_AppTests.framework in Frameworks */,
			);
			runOnlyForDeploymentPostprocessing = 0;
		};
		F092B365290A40E5006E462E /* Frameworks */ = {
			isa = PBXFrameworksBuildPhase;
			buildActionMask = 2147483647;
			files = (
				E61B5493EB80F293D528EE4E /* Pods_Shopping_App_Shopping_AppUITests.framework in Frameworks */,
			);
			runOnlyForDeploymentPostprocessing = 0;
		};
/* End PBXFrameworksBuildPhase section */

/* Begin PBXGroup section */
		AF687D8648909FC9347D0BB7 /* Frameworks */ = {
			isa = PBXGroup;
			children = (
				54BFF85FC1E7AD838D2A4662 /* Pods_Shopping_App.framework */,
				B557BEE7602595A020CF3330 /* Pods_Shopping_App_Shopping_AppUITests.framework */,
				B671D513CA5734F4CC68B5C9 /* Pods_Shopping_AppTests.framework */,
			);
			name = Frameworks;
			sourceTree = "<group>";
		};
		D0FFF4C1487D3CBDCD7E7C25 /* Pods */ = {
			isa = PBXGroup;
			children = (
				8219F5F134E791DE08BA8E37 /* Pods-Shopping App.debug.xcconfig */,
				2822F36CEED004F9AB8D191D /* Pods-Shopping App.release.xcconfig */,
				07FA6DD4129381B5DD78A9C2 /* Pods-Shopping App-Shopping AppUITests.debug.xcconfig */,
				F8A12418828141ECBDB587AF /* Pods-Shopping App-Shopping AppUITests.release.xcconfig */,
				76B89E6E35BFD42886FFA412 /* Pods-Shopping AppTests.debug.xcconfig */,
				12A85E80B94BB2B8D2B55B6F /* Pods-Shopping AppTests.release.xcconfig */,
			);
			path = Pods;
			sourceTree = "<group>";
		};
		F092B33F290A40E4006E462E = {
			isa = PBXGroup;
			children = (
				F092B34A290A40E4006E462E /* Shopping App */,
				F092B361290A40E5006E462E /* Shopping AppTests */,
				F092B36B290A40E5006E462E /* Shopping AppUITests */,
				F092B349290A40E4006E462E /* Products */,
				D0FFF4C1487D3CBDCD7E7C25 /* Pods */,
				AF687D8648909FC9347D0BB7 /* Frameworks */,
			);
			sourceTree = "<group>";
		};
		F092B349290A40E4006E462E /* Products */ = {
			isa = PBXGroup;
			children = (
				F092B348290A40E4006E462E /* Shopping App.app */,
				F092B35E290A40E5006E462E /* Shopping AppTests.xctest */,
				F092B368290A40E5006E462E /* Shopping AppUITests.xctest */,
			);
			name = Products;
			sourceTree = "<group>";
		};
		F092B34A290A40E4006E462E /* Shopping App */ = {
			isa = PBXGroup;
			children = (
				F092B37C290A413E006E462E /* Screens */,
				F092B37B290A4129006E462E /* App */,
			);
			path = "Shopping App";
			sourceTree = "<group>";
		};
		F092B361290A40E5006E462E /* Shopping AppTests */ = {
			isa = PBXGroup;
			children = (
				F092B362290A40E5006E462E /* Shopping_AppTests.swift */,
			);
			path = "Shopping AppTests";
			sourceTree = "<group>";
		};
		F092B36B290A40E5006E462E /* Shopping AppUITests */ = {
			isa = PBXGroup;
			children = (
				F092B36C290A40E5006E462E /* Shopping_AppUITests.swift */,
				F092B36E290A40E5006E462E /* Shopping_AppUITestsLaunchTests.swift */,
			);
			path = "Shopping AppUITests";
			sourceTree = "<group>";
		};
		F092B37B290A4129006E462E /* App */ = {
			isa = PBXGroup;
			children = (
				F092B39D290FE585006E462E /* Delegate */,
				F092B39C290FE580006E462E /* View */,
				F092B39B290FE574006E462E /* Assets */,
				F092B38F290FE354006E462E /* Plists */,
			);
			path = App;
			sourceTree = "<group>";
		};
		F092B37C290A413E006E462E /* Screens */ = {
			isa = PBXGroup;
			children = (
				F092B38E290ABB52006E462E /* AuthScreen */,
				F092B37E290A8EE0006E462E /* Onboarding */,
				F092B37D290A432B006E462E /* Initial */,
			);
			path = Screens;
			sourceTree = "<group>";
		};
		F092B37D290A432B006E462E /* Initial */ = {
			isa = PBXGroup;
			children = (
				F092B351290A40E4006E462E /* Main.storyboard */,
				F092B34F290A40E4006E462E /* ViewController.swift */,
			);
			path = Initial;
			sourceTree = "<group>";
		};
		F092B37E290A8EE0006E462E /* Onboarding */ = {
			isa = PBXGroup;
			children = (
				F092B380290A8EEF006E462E /* Controller */,
				F092B37F290A8EEC006E462E /* View */,
			);
			path = Onboarding;
			sourceTree = "<group>";
		};
		F092B37F290A8EEC006E462E /* View */ = {
			isa = PBXGroup;
			children = (
				F092B385290A9363006E462E /* OnboardingView */,
				F092B382290A8F12006E462E /* OnboardingViewController.xib */,
			);
			path = View;
			sourceTree = "<group>";
		};
		F092B380290A8EEF006E462E /* Controller */ = {
			isa = PBXGroup;
			children = (
				F092B381290A8F12006E462E /* OnboardingViewController.swift */,
			);
			path = Controller;
			sourceTree = "<group>";
		};
		F092B385290A9363006E462E /* OnboardingView */ = {
			isa = PBXGroup;
			children = (
				F092B386290A93A5006E462E /* OnboardingView.swift */,
				F092B38C290A9BAF006E462E /* OnboardingView.xib */,
			);
			path = OnboardingView;
			sourceTree = "<group>";
		};
		F092B38E290ABB52006E462E /* AuthScreen */ = {
			isa = PBXGroup;
			children = (
				F092B3A1290FE5CB006E462E /* Model */,
				F092B3A0290FE5C7006E462E /* ViewModel */,
				F092B39F290FE5C0006E462E /* View */,
				F092B39E290FE5BB006E462E /* Controller */,
			);
			path = AuthScreen;
			sourceTree = "<group>";
		};
		F092B38F290FE354006E462E /* Plists */ = {
			isa = PBXGroup;
			children = (
				F092B390290FE38C006E462E /* GoogleService-Info.plist */,
				F092B359290A40E5006E462E /* Info.plist */,
			);
			path = Plists;
			sourceTree = "<group>";
		};
		F092B39B290FE574006E462E /* Assets */ = {
			isa = PBXGroup;
			children = (
				F092B354290A40E5006E462E /* Assets.xcassets */,
			);
			path = Assets;
			sourceTree = "<group>";
		};
		F092B39C290FE580006E462E /* View */ = {
			isa = PBXGroup;
			children = (
				F092B356290A40E5006E462E /* LaunchScreen.storyboard */,
			);
			path = View;
			sourceTree = "<group>";
		};
		F092B39D290FE585006E462E /* Delegate */ = {
			isa = PBXGroup;
			children = (
				F092B34B290A40E4006E462E /* AppDelegate.swift */,
			);
			path = Delegate;
			sourceTree = "<group>";
		};
		F092B39E290FE5BB006E462E /* Controller */ = {
			isa = PBXGroup;
			children = (
			);
			path = Controller;
			sourceTree = "<group>";
		};
		F092B39F290FE5C0006E462E /* View */ = {
			isa = PBXGroup;
			children = (
			);
			path = View;
			sourceTree = "<group>";
		};
		F092B3A0290FE5C7006E462E /* ViewModel */ = {
			isa = PBXGroup;
			children = (
			);
			path = ViewModel;
			sourceTree = "<group>";
		};
		F092B3A1290FE5CB006E462E /* Model */ = {
			isa = PBXGroup;
			children = (
			);
			path = Model;
			sourceTree = "<group>";
		};
/* End PBXGroup section */

/* Begin PBXNativeTarget section */
		F092B347290A40E4006E462E /* Shopping App */ = {
			isa = PBXNativeTarget;
			buildConfigurationList = F092B372290A40E5006E462E /* Build configuration list for PBXNativeTarget "Shopping App" */;
			buildPhases = (
				6FAF7040E6DF113FD72E3D5A /* [CP] Check Pods Manifest.lock */,
				F092B344290A40E4006E462E /* Sources */,
				F092B345290A40E4006E462E /* Frameworks */,
				F092B346290A40E4006E462E /* Resources */,
			);
			buildRules = (
			);
			dependencies = (
			);
			name = "Shopping App";
			packageProductDependencies = (
				F092B3A2290FE894006E462E /* FirebaseAuth */,
				F092B3A4290FE894006E462E /* FirebaseFirestoreSwift */,
				F092B3A6290FE894006E462E /* FirebaseRemoteConfigSwift */,
				F092B3A8290FE894006E462E /* FirebaseStorage */,
			);
			productName = "Shopping App";
			productReference = F092B348290A40E4006E462E /* Shopping App.app */;
			productType = "com.apple.product-type.application";
		};
		F092B35D290A40E5006E462E /* Shopping AppTests */ = {
			isa = PBXNativeTarget;
			buildConfigurationList = F092B375290A40E5006E462E /* Build configuration list for PBXNativeTarget "Shopping AppTests" */;
			buildPhases = (
				A89A06A054DD6DA19AA1446B /* [CP] Check Pods Manifest.lock */,
				F092B35A290A40E5006E462E /* Sources */,
				F092B35B290A40E5006E462E /* Frameworks */,
				F092B35C290A40E5006E462E /* Resources */,
			);
			buildRules = (
			);
			dependencies = (
				F092B360290A40E5006E462E /* PBXTargetDependency */,
			);
			name = "Shopping AppTests";
			productName = "Shopping AppTests";
			productReference = F092B35E290A40E5006E462E /* Shopping AppTests.xctest */;
			productType = "com.apple.product-type.bundle.unit-test";
		};
		F092B367290A40E5006E462E /* Shopping AppUITests */ = {
			isa = PBXNativeTarget;
			buildConfigurationList = F092B378290A40E5006E462E /* Build configuration list for PBXNativeTarget "Shopping AppUITests" */;
			buildPhases = (
				D215F9FDCAF61FB48598E090 /* [CP] Check Pods Manifest.lock */,
				F092B364290A40E5006E462E /* Sources */,
				F092B365290A40E5006E462E /* Frameworks */,
				F092B366290A40E5006E462E /* Resources */,
			);
			buildRules = (
			);
			dependencies = (
				F092B36A290A40E5006E462E /* PBXTargetDependency */,
			);
			name = "Shopping AppUITests";
			productName = "Shopping AppUITests";
			productReference = F092B368290A40E5006E462E /* Shopping AppUITests.xctest */;
			productType = "com.apple.product-type.bundle.ui-testing";
		};
/* End PBXNativeTarget section */

/* Begin PBXProject section */
		F092B340290A40E4006E462E /* Project object */ = {
			isa = PBXProject;
			attributes = {
				BuildIndependentTargetsInParallel = 1;
				LastSwiftUpdateCheck = 1400;
				LastUpgradeCheck = 1400;
				TargetAttributes = {
					F092B347290A40E4006E462E = {
						CreatedOnToolsVersion = 14.0.1;
					};
					F092B35D290A40E5006E462E = {
						CreatedOnToolsVersion = 14.0.1;
						TestTargetID = F092B347290A40E4006E462E;
					};
					F092B367290A40E5006E462E = {
						CreatedOnToolsVersion = 14.0.1;
						TestTargetID = F092B347290A40E4006E462E;
					};
				};
			};
			buildConfigurationList = F092B343290A40E4006E462E /* Build configuration list for PBXProject "Shopping App" */;
			compatibilityVersion = "Xcode 14.0";
			developmentRegion = en;
			hasScannedForEncodings = 0;
			knownRegions = (
				en,
				Base,
			);
			mainGroup = F092B33F290A40E4006E462E;
			packageReferences = (
				F092B392290FE512006E462E /* XCRemoteSwiftPackageReference "firebase-ios-sdk" */,
			);
			productRefGroup = F092B349290A40E4006E462E /* Products */;
			projectDirPath = "";
			projectRoot = "";
			targets = (
				F092B347290A40E4006E462E /* Shopping App */,
				F092B35D290A40E5006E462E /* Shopping AppTests */,
				F092B367290A40E5006E462E /* Shopping AppUITests */,
			);
		};
/* End PBXProject section */

/* Begin PBXResourcesBuildPhase section */
		F092B346290A40E4006E462E /* Resources */ = {
			isa = PBXResourcesBuildPhase;
			buildActionMask = 2147483647;
			files = (
				F092B358290A40E5006E462E /* LaunchScreen.storyboard in Resources */,
				F092B355290A40E5006E462E /* Assets.xcassets in Resources */,
				F092B353290A40E4006E462E /* Main.storyboard in Resources */,
				F092B38D290A9BAF006E462E /* OnboardingView.xib in Resources */,
				F092B384290A8F12006E462E /* OnboardingViewController.xib in Resources */,
				F092B391290FE38C006E462E /* GoogleService-Info.plist in Resources */,
			);
			runOnlyForDeploymentPostprocessing = 0;
		};
		F092B35C290A40E5006E462E /* Resources */ = {
			isa = PBXResourcesBuildPhase;
			buildActionMask = 2147483647;
			files = (
			);
			runOnlyForDeploymentPostprocessing = 0;
		};
		F092B366290A40E5006E462E /* Resources */ = {
			isa = PBXResourcesBuildPhase;
			buildActionMask = 2147483647;
			files = (
			);
			runOnlyForDeploymentPostprocessing = 0;
		};
/* End PBXResourcesBuildPhase section */

/* Begin PBXShellScriptBuildPhase section */
		6FAF7040E6DF113FD72E3D5A /* [CP] Check Pods Manifest.lock */ = {
			isa = PBXShellScriptBuildPhase;
			buildActionMask = 2147483647;
			files = (
			);
			inputFileListPaths = (
			);
			inputPaths = (
				"${PODS_PODFILE_DIR_PATH}/Podfile.lock",
				"${PODS_ROOT}/Manifest.lock",
			);
			name = "[CP] Check Pods Manifest.lock";
			outputFileListPaths = (
			);
			outputPaths = (
				"$(DERIVED_FILE_DIR)/Pods-Shopping App-checkManifestLockResult.txt",
			);
			runOnlyForDeploymentPostprocessing = 0;
			shellPath = /bin/sh;
			shellScript = "diff \"${PODS_PODFILE_DIR_PATH}/Podfile.lock\" \"${PODS_ROOT}/Manifest.lock\" > /dev/null\nif [ $? != 0 ] ; then\n    # print error to STDERR\n    echo \"error: The sandbox is not in sync with the Podfile.lock. Run 'pod install' or update your CocoaPods installation.\" >&2\n    exit 1\nfi\n# This output is used by Xcode 'outputs' to avoid re-running this script phase.\necho \"SUCCESS\" > \"${SCRIPT_OUTPUT_FILE_0}\"\n";
			showEnvVarsInLog = 0;
		};
		A89A06A054DD6DA19AA1446B /* [CP] Check Pods Manifest.lock */ = {
			isa = PBXShellScriptBuildPhase;
			buildActionMask = 2147483647;
			files = (
			);
			inputFileListPaths = (
			);
			inputPaths = (
				"${PODS_PODFILE_DIR_PATH}/Podfile.lock",
				"${PODS_ROOT}/Manifest.lock",
			);
			name = "[CP] Check Pods Manifest.lock";
			outputFileListPaths = (
			);
			outputPaths = (
				"$(DERIVED_FILE_DIR)/Pods-Shopping AppTests-checkManifestLockResult.txt",
			);
			runOnlyForDeploymentPostprocessing = 0;
			shellPath = /bin/sh;
			shellScript = "diff \"${PODS_PODFILE_DIR_PATH}/Podfile.lock\" \"${PODS_ROOT}/Manifest.lock\" > /dev/null\nif [ $? != 0 ] ; then\n    # print error to STDERR\n    echo \"error: The sandbox is not in sync with the Podfile.lock. Run 'pod install' or update your CocoaPods installation.\" >&2\n    exit 1\nfi\n# This output is used by Xcode 'outputs' to avoid re-running this script phase.\necho \"SUCCESS\" > \"${SCRIPT_OUTPUT_FILE_0}\"\n";
			showEnvVarsInLog = 0;
		};
		D215F9FDCAF61FB48598E090 /* [CP] Check Pods Manifest.lock */ = {
			isa = PBXShellScriptBuildPhase;
			buildActionMask = 2147483647;
			files = (
			);
			inputFileListPaths = (
			);
			inputPaths = (
				"${PODS_PODFILE_DIR_PATH}/Podfile.lock",
				"${PODS_ROOT}/Manifest.lock",
			);
			name = "[CP] Check Pods Manifest.lock";
			outputFileListPaths = (
			);
			outputPaths = (
				"$(DERIVED_FILE_DIR)/Pods-Shopping App-Shopping AppUITests-checkManifestLockResult.txt",
			);
			runOnlyForDeploymentPostprocessing = 0;
			shellPath = /bin/sh;
			shellScript = "diff \"${PODS_PODFILE_DIR_PATH}/Podfile.lock\" \"${PODS_ROOT}/Manifest.lock\" > /dev/null\nif [ $? != 0 ] ; then\n    # print error to STDERR\n    echo \"error: The sandbox is not in sync with the Podfile.lock. Run 'pod install' or update your CocoaPods installation.\" >&2\n    exit 1\nfi\n# This output is used by Xcode 'outputs' to avoid re-running this script phase.\necho \"SUCCESS\" > \"${SCRIPT_OUTPUT_FILE_0}\"\n";
			showEnvVarsInLog = 0;
		};
/* End PBXShellScriptBuildPhase section */

/* Begin PBXSourcesBuildPhase section */
		F092B344290A40E4006E462E /* Sources */ = {
			isa = PBXSourcesBuildPhase;
			buildActionMask = 2147483647;
			files = (
				F092B350290A40E4006E462E /* ViewController.swift in Sources */,
				F092B34C290A40E4006E462E /* AppDelegate.swift in Sources */,
				F092B387290A93A5006E462E /* OnboardingView.swift in Sources */,
				F092B383290A8F12006E462E /* OnboardingViewController.swift in Sources */,
			);
			runOnlyForDeploymentPostprocessing = 0;
		};
		F092B35A290A40E5006E462E /* Sources */ = {
			isa = PBXSourcesBuildPhase;
			buildActionMask = 2147483647;
			files = (
				F092B363290A40E5006E462E /* Shopping_AppTests.swift in Sources */,
			);
			runOnlyForDeploymentPostprocessing = 0;
		};
		F092B364290A40E5006E462E /* Sources */ = {
			isa = PBXSourcesBuildPhase;
			buildActionMask = 2147483647;
			files = (
				F092B36F290A40E5006E462E /* Shopping_AppUITestsLaunchTests.swift in Sources */,
				F092B36D290A40E5006E462E /* Shopping_AppUITests.swift in Sources */,
			);
			runOnlyForDeploymentPostprocessing = 0;
		};
/* End PBXSourcesBuildPhase section */

/* Begin PBXTargetDependency section */
		F092B360290A40E5006E462E /* PBXTargetDependency */ = {
			isa = PBXTargetDependency;
			target = F092B347290A40E4006E462E /* Shopping App */;
			targetProxy = F092B35F290A40E5006E462E /* PBXContainerItemProxy */;
		};
		F092B36A290A40E5006E462E /* PBXTargetDependency */ = {
			isa = PBXTargetDependency;
			target = F092B347290A40E4006E462E /* Shopping App */;
			targetProxy = F092B369290A40E5006E462E /* PBXContainerItemProxy */;
		};
/* End PBXTargetDependency section */

/* Begin PBXVariantGroup section */
		F092B351290A40E4006E462E /* Main.storyboard */ = {
			isa = PBXVariantGroup;
			children = (
				F092B352290A40E4006E462E /* Base */,
			);
			name = Main.storyboard;
			sourceTree = "<group>";
		};
		F092B356290A40E5006E462E /* LaunchScreen.storyboard */ = {
			isa = PBXVariantGroup;
			children = (
				F092B357290A40E5006E462E /* Base */,
			);
			name = LaunchScreen.storyboard;
			sourceTree = "<group>";
		};
/* End PBXVariantGroup section */

/* Begin XCBuildConfiguration section */
		F092B370290A40E5006E462E /* Debug */ = {
			isa = XCBuildConfiguration;
			buildSettings = {
				ALWAYS_SEARCH_USER_PATHS = NO;
				CLANG_ANALYZER_NONNULL = YES;
				CLANG_ANALYZER_NUMBER_OBJECT_CONVERSION = YES_AGGRESSIVE;
				CLANG_CXX_LANGUAGE_STANDARD = "gnu++20";
				CLANG_ENABLE_MODULES = YES;
				CLANG_ENABLE_OBJC_ARC = YES;
				CLANG_ENABLE_OBJC_WEAK = YES;
				CLANG_WARN_BLOCK_CAPTURE_AUTORELEASING = YES;
				CLANG_WARN_BOOL_CONVERSION = YES;
				CLANG_WARN_COMMA = YES;
				CLANG_WARN_CONSTANT_CONVERSION = YES;
				CLANG_WARN_DEPRECATED_OBJC_IMPLEMENTATIONS = YES;
				CLANG_WARN_DIRECT_OBJC_ISA_USAGE = YES_ERROR;
				CLANG_WARN_DOCUMENTATION_COMMENTS = YES;
				CLANG_WARN_EMPTY_BODY = YES;
				CLANG_WARN_ENUM_CONVERSION = YES;
				CLANG_WARN_INFINITE_RECURSION = YES;
				CLANG_WARN_INT_CONVERSION = YES;
				CLANG_WARN_NON_LITERAL_NULL_CONVERSION = YES;
				CLANG_WARN_OBJC_IMPLICIT_RETAIN_SELF = YES;
				CLANG_WARN_OBJC_LITERAL_CONVERSION = YES;
				CLANG_WARN_OBJC_ROOT_CLASS = YES_ERROR;
				CLANG_WARN_QUOTED_INCLUDE_IN_FRAMEWORK_HEADER = YES;
				CLANG_WARN_RANGE_LOOP_ANALYSIS = YES;
				CLANG_WARN_STRICT_PROTOTYPES = YES;
				CLANG_WARN_SUSPICIOUS_MOVE = YES;
				CLANG_WARN_UNGUARDED_AVAILABILITY = YES_AGGRESSIVE;
				CLANG_WARN_UNREACHABLE_CODE = YES;
				CLANG_WARN__DUPLICATE_METHOD_MATCH = YES;
				COPY_PHASE_STRIP = NO;
				DEBUG_INFORMATION_FORMAT = dwarf;
				ENABLE_STRICT_OBJC_MSGSEND = YES;
				ENABLE_TESTABILITY = YES;
				GCC_C_LANGUAGE_STANDARD = gnu11;
				GCC_DYNAMIC_NO_PIC = NO;
				GCC_NO_COMMON_BLOCKS = YES;
				GCC_OPTIMIZATION_LEVEL = 0;
				GCC_PREPROCESSOR_DEFINITIONS = (
					"DEBUG=1",
					"$(inherited)",
				);
				GCC_WARN_64_TO_32_BIT_CONVERSION = YES;
				GCC_WARN_ABOUT_RETURN_TYPE = YES_ERROR;
				GCC_WARN_UNDECLARED_SELECTOR = YES;
				GCC_WARN_UNINITIALIZED_AUTOS = YES_AGGRESSIVE;
				GCC_WARN_UNUSED_FUNCTION = YES;
				GCC_WARN_UNUSED_VARIABLE = YES;
				IPHONEOS_DEPLOYMENT_TARGET = 16.0;
				MTL_ENABLE_DEBUG_INFO = INCLUDE_SOURCE;
				MTL_FAST_MATH = YES;
				ONLY_ACTIVE_ARCH = YES;
				SDKROOT = iphoneos;
				SWIFT_ACTIVE_COMPILATION_CONDITIONS = DEBUG;
				SWIFT_OPTIMIZATION_LEVEL = "-Onone";
			};
			name = Debug;
		};
		F092B371290A40E5006E462E /* Release */ = {
			isa = XCBuildConfiguration;
			buildSettings = {
				ALWAYS_SEARCH_USER_PATHS = NO;
				CLANG_ANALYZER_NONNULL = YES;
				CLANG_ANALYZER_NUMBER_OBJECT_CONVERSION = YES_AGGRESSIVE;
				CLANG_CXX_LANGUAGE_STANDARD = "gnu++20";
				CLANG_ENABLE_MODULES = YES;
				CLANG_ENABLE_OBJC_ARC = YES;
				CLANG_ENABLE_OBJC_WEAK = YES;
				CLANG_WARN_BLOCK_CAPTURE_AUTORELEASING = YES;
				CLANG_WARN_BOOL_CONVERSION = YES;
				CLANG_WARN_COMMA = YES;
				CLANG_WARN_CONSTANT_CONVERSION = YES;
				CLANG_WARN_DEPRECATED_OBJC_IMPLEMENTATIONS = YES;
				CLANG_WARN_DIRECT_OBJC_ISA_USAGE = YES_ERROR;
				CLANG_WARN_DOCUMENTATION_COMMENTS = YES;
				CLANG_WARN_EMPTY_BODY = YES;
				CLANG_WARN_ENUM_CONVERSION = YES;
				CLANG_WARN_INFINITE_RECURSION = YES;
				CLANG_WARN_INT_CONVERSION = YES;
				CLANG_WARN_NON_LITERAL_NULL_CONVERSION = YES;
				CLANG_WARN_OBJC_IMPLICIT_RETAIN_SELF = YES;
				CLANG_WARN_OBJC_LITERAL_CONVERSION = YES;
				CLANG_WARN_OBJC_ROOT_CLASS = YES_ERROR;
				CLANG_WARN_QUOTED_INCLUDE_IN_FRAMEWORK_HEADER = YES;
				CLANG_WARN_RANGE_LOOP_ANALYSIS = YES;
				CLANG_WARN_STRICT_PROTOTYPES = YES;
				CLANG_WARN_SUSPICIOUS_MOVE = YES;
				CLANG_WARN_UNGUARDED_AVAILABILITY = YES_AGGRESSIVE;
				CLANG_WARN_UNREACHABLE_CODE = YES;
				CLANG_WARN__DUPLICATE_METHOD_MATCH = YES;
				COPY_PHASE_STRIP = NO;
				DEBUG_INFORMATION_FORMAT = "dwarf-with-dsym";
				ENABLE_NS_ASSERTIONS = NO;
				ENABLE_STRICT_OBJC_MSGSEND = YES;
				GCC_C_LANGUAGE_STANDARD = gnu11;
				GCC_NO_COMMON_BLOCKS = YES;
				GCC_WARN_64_TO_32_BIT_CONVERSION = YES;
				GCC_WARN_ABOUT_RETURN_TYPE = YES_ERROR;
				GCC_WARN_UNDECLARED_SELECTOR = YES;
				GCC_WARN_UNINITIALIZED_AUTOS = YES_AGGRESSIVE;
				GCC_WARN_UNUSED_FUNCTION = YES;
				GCC_WARN_UNUSED_VARIABLE = YES;
				IPHONEOS_DEPLOYMENT_TARGET = 16.0;
				MTL_ENABLE_DEBUG_INFO = NO;
				MTL_FAST_MATH = YES;
				SDKROOT = iphoneos;
				SWIFT_COMPILATION_MODE = wholemodule;
				SWIFT_OPTIMIZATION_LEVEL = "-O";
				VALIDATE_PRODUCT = YES;
			};
			name = Release;
		};
		F092B373290A40E5006E462E /* Debug */ = {
			isa = XCBuildConfiguration;
			baseConfigurationReference = 8219F5F134E791DE08BA8E37 /* Pods-Shopping App.debug.xcconfig */;
			buildSettings = {
				ASSETCATALOG_COMPILER_APPICON_NAME = AppIcon;
				ASSETCATALOG_COMPILER_GLOBAL_ACCENT_COLOR_NAME = AccentColor;
				CODE_SIGN_STYLE = Automatic;
				CURRENT_PROJECT_VERSION = 1;
				DEVELOPMENT_TEAM = 9733LH72T3;
				GENERATE_INFOPLIST_FILE = YES;
				INFOPLIST_FILE = "Shopping App/App/Plists/Info.plist";
				INFOPLIST_KEY_CFBundleDisplayName = "E-Market";
				INFOPLIST_KEY_LSApplicationCategoryType = "public.app-category.shopping";
				INFOPLIST_KEY_UIApplicationSupportsIndirectInputEvents = YES;
				INFOPLIST_KEY_UILaunchStoryboardName = LaunchScreen;
				INFOPLIST_KEY_UIMainStoryboardFile = Main;
				INFOPLIST_KEY_UISupportedInterfaceOrientations = UIInterfaceOrientationPortrait;
				INFOPLIST_KEY_UISupportedInterfaceOrientations_iPad = "UIInterfaceOrientationLandscapeLeft UIInterfaceOrientationLandscapeRight UIInterfaceOrientationPortrait UIInterfaceOrientationPortraitUpsideDown";
				IPHONEOS_DEPLOYMENT_TARGET = 12.0;
				LD_RUNPATH_SEARCH_PATHS = (
					"$(inherited)",
					"@executable_path/Frameworks",
				);
				MARKETING_VERSION = 1.0;
				PRODUCT_BUNDLE_IDENTIFIER = "com.berkay.Shopping-App";
				PRODUCT_NAME = "$(TARGET_NAME)";
				SUPPORTED_PLATFORMS = "iphoneos iphonesimulator";
				SUPPORTS_MACCATALYST = NO;
				SUPPORTS_MAC_DESIGNED_FOR_IPHONE_IPAD = NO;
				SWIFT_EMIT_LOC_STRINGS = YES;
				SWIFT_VERSION = 5.0;
				TARGETED_DEVICE_FAMILY = 1;
			};
			name = Debug;
		};
		F092B374290A40E5006E462E /* Release */ = {
			isa = XCBuildConfiguration;
			baseConfigurationReference = 2822F36CEED004F9AB8D191D /* Pods-Shopping App.release.xcconfig */;
			buildSettings = {
				ASSETCATALOG_COMPILER_APPICON_NAME = AppIcon;
				ASSETCATALOG_COMPILER_GLOBAL_ACCENT_COLOR_NAME = AccentColor;
				CODE_SIGN_STYLE = Automatic;
				CURRENT_PROJECT_VERSION = 1;
				DEVELOPMENT_TEAM = 9733LH72T3;
				GENERATE_INFOPLIST_FILE = YES;
				INFOPLIST_FILE = "Shopping App/App/Plists/Info.plist";
				INFOPLIST_KEY_CFBundleDisplayName = "E-Market";
				INFOPLIST_KEY_LSApplicationCategoryType = "public.app-category.shopping";
				INFOPLIST_KEY_UIApplicationSupportsIndirectInputEvents = YES;
				INFOPLIST_KEY_UILaunchStoryboardName = LaunchScreen;
				INFOPLIST_KEY_UIMainStoryboardFile = Main;
				INFOPLIST_KEY_UISupportedInterfaceOrientations = UIInterfaceOrientationPortrait;
				INFOPLIST_KEY_UISupportedInterfaceOrientations_iPad = "UIInterfaceOrientationLandscapeLeft UIInterfaceOrientationLandscapeRight UIInterfaceOrientationPortrait UIInterfaceOrientationPortraitUpsideDown";
				IPHONEOS_DEPLOYMENT_TARGET = 12.0;
				LD_RUNPATH_SEARCH_PATHS = (
					"$(inherited)",
					"@executable_path/Frameworks",
				);
				MARKETING_VERSION = 1.0;
				PRODUCT_BUNDLE_IDENTIFIER = "com.berkay.Shopping-App";
				PRODUCT_NAME = "$(TARGET_NAME)";
				SUPPORTED_PLATFORMS = "iphoneos iphonesimulator";
				SUPPORTS_MACCATALYST = NO;
				SUPPORTS_MAC_DESIGNED_FOR_IPHONE_IPAD = NO;
				SWIFT_EMIT_LOC_STRINGS = YES;
				SWIFT_VERSION = 5.0;
				TARGETED_DEVICE_FAMILY = 1;
			};
			name = Release;
		};
		F092B376290A40E5006E462E /* Debug */ = {
			isa = XCBuildConfiguration;
			baseConfigurationReference = 76B89E6E35BFD42886FFA412 /* Pods-Shopping AppTests.debug.xcconfig */;
			buildSettings = {
				ALWAYS_EMBED_SWIFT_STANDARD_LIBRARIES = YES;
				BUNDLE_LOADER = "$(TEST_HOST)";
				CODE_SIGN_STYLE = Automatic;
				CURRENT_PROJECT_VERSION = 1;
				DEVELOPMENT_TEAM = 9733LH72T3;
				GENERATE_INFOPLIST_FILE = YES;
				IPHONEOS_DEPLOYMENT_TARGET = 16.0;
				MARKETING_VERSION = 1.0;
				PRODUCT_BUNDLE_IDENTIFIER = "com.berkay.Shopping-AppTests";
				PRODUCT_NAME = "$(TARGET_NAME)";
				SWIFT_EMIT_LOC_STRINGS = NO;
				SWIFT_VERSION = 5.0;
				TARGETED_DEVICE_FAMILY = "1,2";
				TEST_HOST = "$(BUILT_PRODUCTS_DIR)/Shopping App.app/$(BUNDLE_EXECUTABLE_FOLDER_PATH)/Shopping App";
			};
			name = Debug;
		};
		F092B377290A40E5006E462E /* Release */ = {
			isa = XCBuildConfiguration;
			baseConfigurationReference = 12A85E80B94BB2B8D2B55B6F /* Pods-Shopping AppTests.release.xcconfig */;
			buildSettings = {
				ALWAYS_EMBED_SWIFT_STANDARD_LIBRARIES = YES;
				BUNDLE_LOADER = "$(TEST_HOST)";
				CODE_SIGN_STYLE = Automatic;
				CURRENT_PROJECT_VERSION = 1;
				DEVELOPMENT_TEAM = 9733LH72T3;
				GENERATE_INFOPLIST_FILE = YES;
				IPHONEOS_DEPLOYMENT_TARGET = 16.0;
				MARKETING_VERSION = 1.0;
				PRODUCT_BUNDLE_IDENTIFIER = "com.berkay.Shopping-AppTests";
				PRODUCT_NAME = "$(TARGET_NAME)";
				SWIFT_EMIT_LOC_STRINGS = NO;
				SWIFT_VERSION = 5.0;
				TARGETED_DEVICE_FAMILY = "1,2";
				TEST_HOST = "$(BUILT_PRODUCTS_DIR)/Shopping App.app/$(BUNDLE_EXECUTABLE_FOLDER_PATH)/Shopping App";
			};
			name = Release;
		};
		F092B379290A40E5006E462E /* Debug */ = {
			isa = XCBuildConfiguration;
			baseConfigurationReference = 07FA6DD4129381B5DD78A9C2 /* Pods-Shopping App-Shopping AppUITests.debug.xcconfig */;
			buildSettings = {
				ALWAYS_EMBED_SWIFT_STANDARD_LIBRARIES = YES;
				CODE_SIGN_STYLE = Automatic;
				CURRENT_PROJECT_VERSION = 1;
				DEVELOPMENT_TEAM = 9733LH72T3;
				GENERATE_INFOPLIST_FILE = YES;
				MARKETING_VERSION = 1.0;
				PRODUCT_BUNDLE_IDENTIFIER = "com.berkay.Shopping-AppUITests";
				PRODUCT_NAME = "$(TARGET_NAME)";
				SWIFT_EMIT_LOC_STRINGS = NO;
				SWIFT_VERSION = 5.0;
				TARGETED_DEVICE_FAMILY = "1,2";
				TEST_TARGET_NAME = "Shopping App";
			};
			name = Debug;
		};
		F092B37A290A40E5006E462E /* Release */ = {
			isa = XCBuildConfiguration;
			baseConfigurationReference = F8A12418828141ECBDB587AF /* Pods-Shopping App-Shopping AppUITests.release.xcconfig */;
			buildSettings = {
				ALWAYS_EMBED_SWIFT_STANDARD_LIBRARIES = YES;
				CODE_SIGN_STYLE = Automatic;
				CURRENT_PROJECT_VERSION = 1;
				DEVELOPMENT_TEAM = 9733LH72T3;
				GENERATE_INFOPLIST_FILE = YES;
				MARKETING_VERSION = 1.0;
				PRODUCT_BUNDLE_IDENTIFIER = "com.berkay.Shopping-AppUITests";
				PRODUCT_NAME = "$(TARGET_NAME)";
				SWIFT_EMIT_LOC_STRINGS = NO;
				SWIFT_VERSION = 5.0;
				TARGETED_DEVICE_FAMILY = "1,2";
				TEST_TARGET_NAME = "Shopping App";
			};
			name = Release;
		};
/* End XCBuildConfiguration section */

/* Begin XCConfigurationList section */
		F092B343290A40E4006E462E /* Build configuration list for PBXProject "Shopping App" */ = {
			isa = XCConfigurationList;
			buildConfigurations = (
				F092B370290A40E5006E462E /* Debug */,
				F092B371290A40E5006E462E /* Release */,
			);
			defaultConfigurationIsVisible = 0;
			defaultConfigurationName = Release;
		};
		F092B372290A40E5006E462E /* Build configuration list for PBXNativeTarget "Shopping App" */ = {
			isa = XCConfigurationList;
			buildConfigurations = (
				F092B373290A40E5006E462E /* Debug */,
				F092B374290A40E5006E462E /* Release */,
			);
			defaultConfigurationIsVisible = 0;
			defaultConfigurationName = Release;
		};
		F092B375290A40E5006E462E /* Build configuration list for PBXNativeTarget "Shopping AppTests" */ = {
			isa = XCConfigurationList;
			buildConfigurations = (
				F092B376290A40E5006E462E /* Debug */,
				F092B377290A40E5006E462E /* Release */,
			);
			defaultConfigurationIsVisible = 0;
			defaultConfigurationName = Release;
		};
		F092B378290A40E5006E462E /* Build configuration list for PBXNativeTarget "Shopping AppUITests" */ = {
			isa = XCConfigurationList;
			buildConfigurations = (
				F092B379290A40E5006E462E /* Debug */,
				F092B37A290A40E5006E462E /* Release */,
			);
			defaultConfigurationIsVisible = 0;
			defaultConfigurationName = Release;
		};
/* End XCConfigurationList section */

/* Begin XCRemoteSwiftPackageReference section */
		F092B392290FE512006E462E /* XCRemoteSwiftPackageReference "firebase-ios-sdk" */ = {
			isa = XCRemoteSwiftPackageReference;
			repositoryURL = "https://github.com/firebase/firebase-ios-sdk";
			requirement = {
				kind = upToNextMajorVersion;
				minimumVersion = 9.0.0;
			};
		};
/* End XCRemoteSwiftPackageReference section */

/* Begin XCSwiftPackageProductDependency section */
		F092B3A2290FE894006E462E /* FirebaseAuth */ = {
			isa = XCSwiftPackageProductDependency;
			package = F092B392290FE512006E462E /* XCRemoteSwiftPackageReference "firebase-ios-sdk" */;
			productName = FirebaseAuth;
		};
		F092B3A4290FE894006E462E /* FirebaseFirestoreSwift */ = {
			isa = XCSwiftPackageProductDependency;
			package = F092B392290FE512006E462E /* XCRemoteSwiftPackageReference "firebase-ios-sdk" */;
			productName = FirebaseFirestoreSwift;
		};
		F092B3A6290FE894006E462E /* FirebaseRemoteConfigSwift */ = {
			isa = XCSwiftPackageProductDependency;
			package = F092B392290FE512006E462E /* XCRemoteSwiftPackageReference "firebase-ios-sdk" */;
			productName = FirebaseRemoteConfigSwift;
		};
		F092B3A8290FE894006E462E /* FirebaseStorage */ = {
			isa = XCSwiftPackageProductDependency;
			package = F092B392290FE512006E462E /* XCRemoteSwiftPackageReference "firebase-ios-sdk" */;
			productName = FirebaseStorage;
		};
/* End XCSwiftPackageProductDependency section */
	};
	rootObject = F092B340290A40E4006E462E /* Project object */;
}
